
Microsoft Visual Studio Solution File, Format Version 12.00
# Visual Studio Version 16
VisualStudioVersion = 16.0.30804.86
MinimumVisualStudioVersion = 15.0.26124.0
Project("{9A19103F-16F7-4668-BE54-9A1E7A4F7556}") = "PrimeService", "PrimeService\PrimeService.csproj", "{F2835506-3FAC-4D88-8963-E9B9FF07ADB1}"
EndProject
Project("{9A19103F-16F7-4668-BE54-9A1E7A4F7556}") = "PrimeService.Tests", "PrimeService.Tests\PrimeService.Tests.csproj", "{22C97A4E-E0F1-4E79-9600-13EF7B7AF29B}"
EndProject
Project("{9A19103F-16F7-4668-BE54-9A1E7A4F7556}") = "TryCatch", "..\TryCatch\TryCatch\TryCatch.csproj", "{76323C2F-A093-4CDA-A326-76C2D3AF32FC}"
EndProject
Global
	GlobalSection(SolutionConfigurationPlatforms) = preSolution
		Debug|Any CPU = Debug|Any CPU
		Debug|x64 = Debug|x64
		Debug|x86 = Debug|x86
		Release|Any CPU = Release|Any CPU
		Release|x64 = Release|x64
		Release|x86 = Release|x86
	EndGlobalSection
	GlobalSection(ProjectConfigurationPlatforms) = postSolution
		{F2835506-3FAC-4D88-8963-E9B9FF07ADB1}.Debug|Any CPU.ActiveCfg = Debug|Any CPU
		{F2835506-3FAC-4D88-8963-E9B9FF07ADB1}.Debug|Any CPU.Build.0 = Debug|Any CPU
		{F2835506-3FAC-4D88-8963-E9B9FF07ADB1}.Debug|x64.ActiveCfg = Debug|Any CPU
		{F2835506-3FAC-4D88-8963-E9B9FF07ADB1}.Debug|x64.Build.0 = Debug|Any CPU
		{F2835506-3FAC-4D88-8963-E9B9FF07ADB1}.Debug|x86.ActiveCfg = Debug|Any CPU
		{F2835506-3FAC-4D88-8963-E9B9FF07ADB1}.Debug|x86.Build.0 = Debug|Any CPU
		{F2835506-3FAC-4D88-8963-E9B9FF07ADB1}.Release|Any CPU.ActiveCfg = Release|Any CPU
		{F2835506-3FAC-4D88-8963-E9B9FF07ADB1}.Release|Any CPU.Build.0 = Release|Any CPU
		{F2835506-3FAC-4D88-8963-E9B9FF07ADB1}.Release|x64.ActiveCfg = Release|Any CPU
		{F2835506-3FAC-4D88-8963-E9B9FF07ADB1}.Release|x64.Build.0 = Release|Any CPU
		{F2835506-3FAC-4D88-8963-E9B9FF07ADB1}.Release|x86.ActiveCfg = Release|Any CPU
		{F2835506-3FAC-4D88-8963-E9B9FF07ADB1}.Release|x86.Build.0 = Release|Any CPU
		{22C97A4E-E0F1-4E79-9600-13EF7B7AF29B}.Debug|Any CPU.ActiveCfg = Debug|Any CPU
		{22C97A4E-E0F1-4E79-9600-13EF7B7AF29B}.Debug|Any CPU.Build.0 = Debug|Any CPU
		{22C97A4E-E0F1-4E79-9600-13EF7B7AF29B}.Debug|x64.ActiveCfg = Debug|Any CPU
		{22C97A4E-E0F1-4E79-9600-13EF7B7AF29B}.Debug|x64.Build.0 = Debug|Any CPU
		{22C97A4E-E0F1-4E79-9600-13EF7B7AF29B}.Debug|x86.ActiveCfg = Debug|Any CPU
		{22C97A4E-E0F1-4E79-9600-13EF7B7AF29B}.Debug|x86.Build.0 = Debug|Any CPU
		{22C97A4E-E0F1-4E79-9600-13EF7B7AF29B}.Release|Any CPU.ActiveCfg = Release|Any CPU
		{22C97A4E-E0F1-4E79-9600-13EF7B7AF29B}.Release|Any CPU.Build.0 = Release|Any CPU
		{22C97A4E-E0F1-4E79-9600-13EF7B7AF29B}.Release|x64.ActiveCfg = Release|Any CPU
		{22C97A4E-E0F1-4E79-9600-13EF7B7AF29B}.Release|x64.Build.0 = Release|Any CPU
		{22C97A4E-E0F1-4E79-9600-13EF7B7AF29B}.Release|x86.ActiveCfg = Release|Any CPU
		{22C97A4E-E0F1-4E79-9600-13EF7B7AF29B}.Release|x86.Build.0 = Release|Any CPU
		{76323C2F-A093-4CDA-A326-76C2D3AF32FC}.Debug|Any CPU.ActiveCfg = Debug|Any CPU
		{76323C2F-A093-4CDA-A326-76C2D3AF32FC}.Debug|Any CPU.Build.0 = Debug|Any CPU
		{76323C2F-A093-4CDA-A326-76C2D3AF32FC}.Debug|x64.ActiveCfg = Debug|Any CPU
		{76323C2F-A093-4CDA-A326-76C2D3AF32FC}.Debug|x64.Build.0 = Debug|Any CPU
		{76323C2F-A093-4CDA-A326-76C2D3AF32FC}.Debug|x86.ActiveCfg = Debug|Any CPU
		{76323C2F-A093-4CDA-A326-76C2D3AF32FC}.Debug|x86.Build.0 = Debug|Any CPU
		{76323C2F-A093-4CDA-A326-76C2D3AF32FC}.Release|Any CPU.ActiveCfg = Release|Any CPU
		{76323C2F-A093-4CDA-A326-76C2D3AF32FC}.Release|Any CPU.Build.0 = Release|Any CPU
		{76323C2F-A093-4CDA-A326-76C2D3AF32FC}.Release|x64.ActiveCfg = Release|Any CPU
		{76323C2F-A093-4CDA-A326-76C2D3AF32FC}.Release|x64.Build.0 = Release|Any CPU
		{76323C2F-A093-4CDA-A326-76C2D3AF32FC}.Release|x86.ActiveCfg = Release|Any CPU
		{76323C2F-A093-4CDA-A326-76C2D3AF32FC}.Release|x86.Build.0 = Release|Any CPU
	EndGlobalSection
	GlobalSection(SolutionProperties) = preSolution
		HideSolutionNode = FALSE
	EndGlobalSection
	GlobalSection(ExtensibilityGlobals) = postSolution
		SolutionGuid = {86C59CD5-5093-4893-9099-89978AB03C4C}
	EndGlobalSection
EndGlobal
